Microsoft Visual Studio Solution File, Format Version 8.00
Project("{8BC9CEB8-8B4A-11D0-8D11-00A0C91BC942}") = "ConfigTsXP", "ConfigTsXP.vcproj", "{81C34CB6-1D9B-4F44-93C0-577ECEF72297}"
	ProjectSection(ProjectDependencies) = postProject
	EndProjectSection
EndProject
Global
	GlobalSection(SolutionConfiguration) = preSolution
		Debug = Debug
		Release = Release
	EndGlobalSection
	GlobalSection(ProjectConfiguration) = postSolution
		{81C34CB6-1D9B-4F44-93C0-577ECEF72297}.Debug.ActiveCfg = Debug|Win32
		{81C34CB6-1D9B-4F44-93C0-577ECEF72297}.Debug.Build.0 = Debug|Win32
		{81C34CB6-1D9B-4F44-93C0-577ECEF72297}.Release.ActiveCfg = Release|Win32
		{81C34CB6-1D9B-4F44-93C0-577ECEF72297}.Release.Build.0 = Release|Win32
	EndGlobalSection
	GlobalSection(ExtensibilityGlobals) = postSolution
	EndGlobalSection
	GlobalSection(ExtensibilityAddIns) = postSolution
	EndGlobalSection
EndGlobal
